
Microsoft Visual Studio Solution File, Format Version 12.00
# Visual Studio Version 17
VisualStudioVersion = 17.7.34024.191
MinimumVisualStudioVersion = 10.0.40219.1
Project("{FAE04EC0-301F-11D3-BF4B-00C04F79EFBC}") = "LECutscenePositionFixer", "LECutscenePositionFixer\LECutscenePositionFixer.csproj", "{7ED32D5B-96FB-45E5-AB3D-E82091A8FDE9}"
EndProject
Global
	GlobalSection(SolutionConfigurationPlatforms) = preSolution
		Debug|Any CPU = Debug|Any CPU
		Release|Any CPU = Release|Any CPU
	EndGlobalSection
	GlobalSection(ProjectConfigurationPlatforms) = postSolution
		{7ED32D5B-96FB-45E5-AB3D-E82091A8FDE9}.Debug|Any CPU.ActiveCfg = Debug|Any CPU
		{7ED32D5B-96FB-45E5-AB3D-E82091A8FDE9}.Debug|Any CPU.Build.0 = Debug|Any CPU
		{7ED32D5B-96FB-45E5-AB3D-E82091A8FDE9}.Release|Any CPU.ActiveCfg = Release|Any CPU
		{7ED32D5B-96FB-45E5-AB3D-E82091A8FDE9}.Release|Any CPU.Build.0 = Release|Any CPU
	EndGlobalSection
	GlobalSection(SolutionProperties) = preSolution
		HideSolutionNode = FALSE
	EndGlobalSection
	GlobalSection(ExtensibilityGlobals) = postSolution
		SolutionGuid = {10F7FFBC-3415-4F46-A7C7-06F6AFE1306C}
	EndGlobalSection
EndGlobal
